
Microsoft Visual Studio Solution File, Format Version 12.00
# Visual Studio 15
VisualStudioVersion = 15.0.27004.2002
MinimumVisualStudioVersion = 10.0.40219.1
Project("{FAE04EC0-301F-11D3-BF4B-00C04F79EFBC}") = "WindowsFormsApp1", "WindowsFormsApp1\WindowsFormsApp1.csproj", "{7E4E922C-F607-4977-8A2C-0BCF17342A3E}"
EndProject
Global
	GlobalSection(SolutionConfigurationPlatforms) = preSolution
		Debug|Any CPU = Debug|Any CPU
		Release|Any CPU = Release|Any CPU
	EndGlobalSection
	GlobalSection(ProjectConfigurationPlatforms) = postSolution
		{7E4E922C-F607-4977-8A2C-0BCF17342A3E}.Debug|Any CPU.ActiveCfg = Debug|Any CPU
		{7E4E922C-F607-4977-8A2C-0BCF17342A3E}.Debug|Any CPU.Build.0 = Debug|Any CPU
		{7E4E922C-F607-4977-8A2C-0BCF17342A3E}.Release|Any CPU.ActiveCfg = Release|Any CPU
		{7E4E922C-F607-4977-8A2C-0BCF17342A3E}.Release|Any CPU.Build.0 = Release|Any CPU
	EndGlobalSection
	GlobalSection(SolutionProperties) = preSolution
		HideSolutionNode = FALSE
	EndGlobalSection
	GlobalSection(ExtensibilityGlobals) = postSolution
		SolutionGuid = {386AFB06-B894-45B8-804D-EFB184201D85}
	EndGlobalSection
EndGlobal
